
Microsoft Visual Studio Solution File, Format Version 12.00
# Visual Studio Version 16
VisualStudioVersion = 16.0.33328.57
MinimumVisualStudioVersion = 10.0.40219.1
Project("{FAE04EC0-301F-11D3-BF4B-00C04F79EFBC}") = "MoreMethods", "MoreMethods\MoreMethods.csproj", "{0EB52DF7-5EB5-46D6-A6B6-0F4D7D99E57B}"
EndProject
Global
	GlobalSection(SolutionConfigurationPlatforms) = preSolution
		Debug|Any CPU = Debug|Any CPU
		Release|Any CPU = Release|Any CPU
	EndGlobalSection
	GlobalSection(ProjectConfigurationPlatforms) = postSolution
		{0EB52DF7-5EB5-46D6-A6B6-0F4D7D99E57B}.Debug|Any CPU.ActiveCfg = Debug|Any CPU
		{0EB52DF7-5EB5-46D6-A6B6-0F4D7D99E57B}.Debug|Any CPU.Build.0 = Debug|Any CPU
		{0EB52DF7-5EB5-46D6-A6B6-0F4D7D99E57B}.Release|Any CPU.ActiveCfg = Release|Any CPU
		{0EB52DF7-5EB5-46D6-A6B6-0F4D7D99E57B}.Release|Any CPU.Build.0 = Release|Any CPU
	EndGlobalSection
	GlobalSection(SolutionProperties) = preSolution
		HideSolutionNode = FALSE
	EndGlobalSection
	GlobalSection(ExtensibilityGlobals) = postSolution
		SolutionGuid = {6C954771-4EC5-4415-8348-D590CD15396B}
	EndGlobalSection
EndGlobal
