
Microsoft Visual Studio Solution File, Format Version 12.00
# Visual Studio Version 16
VisualStudioVersion = 16.0.33328.57
MinimumVisualStudioVersion = 10.0.40219.1
Project("{FAE04EC0-301F-11D3-BF4B-00C04F79EFBC}") = "TimeApp", "TimeApp\TimeApp.csproj", "{E5406139-43DF-42F8-827E-2DBEB74D4557}"
EndProject
Global
	GlobalSection(SolutionConfigurationPlatforms) = preSolution
		Debug|Any CPU = Debug|Any CPU
		Release|Any CPU = Release|Any CPU
	EndGlobalSection
	GlobalSection(ProjectConfigurationPlatforms) = postSolution
		{E5406139-43DF-42F8-827E-2DBEB74D4557}.Debug|Any CPU.ActiveCfg = Debug|Any CPU
		{E5406139-43DF-42F8-827E-2DBEB74D4557}.Debug|Any CPU.Build.0 = Debug|Any CPU
		{E5406139-43DF-42F8-827E-2DBEB74D4557}.Release|Any CPU.ActiveCfg = Release|Any CPU
		{E5406139-43DF-42F8-827E-2DBEB74D4557}.Release|Any CPU.Build.0 = Release|Any CPU
	EndGlobalSection
	GlobalSection(SolutionProperties) = preSolution
		HideSolutionNode = FALSE
	EndGlobalSection
	GlobalSection(ExtensibilityGlobals) = postSolution
		SolutionGuid = {0E31D039-A14E-464F-8E9A-4DCDDF96F38A}
	EndGlobalSection
EndGlobal
