
Microsoft Visual Studio Solution File, Format Version 12.00
# Visual Studio Version 16
VisualStudioVersion = 16.0.33328.57
MinimumVisualStudioVersion = 10.0.40219.1
Project("{FAE04EC0-301F-11D3-BF4B-00C04F79EFBC}") = "WebApplication1", "WebApplication1\WebApplication1.csproj", "{B16A0AE9-67A3-460A-B94B-E094B7583AEB}"
EndProject
Global
	GlobalSection(SolutionConfigurationPlatforms) = preSolution
		Debug|Any CPU = Debug|Any CPU
		Release|Any CPU = Release|Any CPU
	EndGlobalSection
	GlobalSection(ProjectConfigurationPlatforms) = postSolution
		{B16A0AE9-67A3-460A-B94B-E094B7583AEB}.Debug|Any CPU.ActiveCfg = Debug|Any CPU
		{B16A0AE9-67A3-460A-B94B-E094B7583AEB}.Debug|Any CPU.Build.0 = Debug|Any CPU
		{B16A0AE9-67A3-460A-B94B-E094B7583AEB}.Release|Any CPU.ActiveCfg = Release|Any CPU
		{B16A0AE9-67A3-460A-B94B-E094B7583AEB}.Release|Any CPU.Build.0 = Release|Any CPU
	EndGlobalSection
	GlobalSection(SolutionProperties) = preSolution
		HideSolutionNode = FALSE
	EndGlobalSection
	GlobalSection(ExtensibilityGlobals) = postSolution
		SolutionGuid = {62BE4B7C-2B5B-4773-A260-06EF1684E83B}
	EndGlobalSection
EndGlobal
