
Microsoft Visual Studio Solution File, Format Version 12.00
# Visual Studio Version 17
VisualStudioVersion = 17.5.33516.290
MinimumVisualStudioVersion = 10.0.40219.1
Project("{F2A71F9B-5D33-465A-A702-920D77279786}") = "MVCWebApp", "MVCWebApp\MVCWebApp.fsproj", "{BB61DA26-F48B-4FBE-8518-2FC7FE4CA49A}"
EndProject
Global
	GlobalSection(SolutionConfigurationPlatforms) = preSolution
		Debug|Any CPU = Debug|Any CPU
		Release|Any CPU = Release|Any CPU
	EndGlobalSection
	GlobalSection(ProjectConfigurationPlatforms) = postSolution
		{BB61DA26-F48B-4FBE-8518-2FC7FE4CA49A}.Debug|Any CPU.ActiveCfg = Debug|Any CPU
		{BB61DA26-F48B-4FBE-8518-2FC7FE4CA49A}.Debug|Any CPU.Build.0 = Debug|Any CPU
		{BB61DA26-F48B-4FBE-8518-2FC7FE4CA49A}.Release|Any CPU.ActiveCfg = Release|Any CPU
		{BB61DA26-F48B-4FBE-8518-2FC7FE4CA49A}.Release|Any CPU.Build.0 = Release|Any CPU
	EndGlobalSection
	GlobalSection(SolutionProperties) = preSolution
		HideSolutionNode = FALSE
	EndGlobalSection
	GlobalSection(ExtensibilityGlobals) = postSolution
		SolutionGuid = {BB1E0330-F7EA-4143-8057-5F8788814CB9}
	EndGlobalSection
EndGlobal
