
Microsoft Visual Studio Solution File, Format Version 12.00
# Visual Studio Version 16
VisualStudioVersion = 16.0.33328.57
MinimumVisualStudioVersion = 10.0.40219.1
Project("{FAE04EC0-301F-11D3-BF4B-00C04F79EFBC}") = "Exceptions", "Exceptions\Exceptions.csproj", "{DC1E0DA3-D871-46A7-AD7A-2B08019F0F57}"
EndProject
Global
	GlobalSection(SolutionConfigurationPlatforms) = preSolution
		Debug|Any CPU = Debug|Any CPU
		Release|Any CPU = Release|Any CPU
	EndGlobalSection
	GlobalSection(ProjectConfigurationPlatforms) = postSolution
		{DC1E0DA3-D871-46A7-AD7A-2B08019F0F57}.Debug|Any CPU.ActiveCfg = Debug|Any CPU
		{DC1E0DA3-D871-46A7-AD7A-2B08019F0F57}.Debug|Any CPU.Build.0 = Debug|Any CPU
		{DC1E0DA3-D871-46A7-AD7A-2B08019F0F57}.Release|Any CPU.ActiveCfg = Release|Any CPU
		{DC1E0DA3-D871-46A7-AD7A-2B08019F0F57}.Release|Any CPU.Build.0 = Release|Any CPU
	EndGlobalSection
	GlobalSection(SolutionProperties) = preSolution
		HideSolutionNode = FALSE
	EndGlobalSection
	GlobalSection(ExtensibilityGlobals) = postSolution
		SolutionGuid = {6921141F-D17C-491D-B40B-131B75C27BE8}
	EndGlobalSection
EndGlobal
