
Microsoft Visual Studio Solution File, Format Version 12.00
# Visual Studio Version 16
VisualStudioVersion = 16.0.33328.57
MinimumVisualStudioVersion = 10.0.40219.1
Project("{FAE04EC0-301F-11D3-BF4B-00C04F79EFBC}") = "MethodsThree", "MethodsThree\MethodsThree.csproj", "{402CF502-94A1-42E5-8189-ADC06AF83ABB}"
EndProject
Global
	GlobalSection(SolutionConfigurationPlatforms) = preSolution
		Debug|Any CPU = Debug|Any CPU
		Release|Any CPU = Release|Any CPU
	EndGlobalSection
	GlobalSection(ProjectConfigurationPlatforms) = postSolution
		{402CF502-94A1-42E5-8189-ADC06AF83ABB}.Debug|Any CPU.ActiveCfg = Debug|Any CPU
		{402CF502-94A1-42E5-8189-ADC06AF83ABB}.Debug|Any CPU.Build.0 = Debug|Any CPU
		{402CF502-94A1-42E5-8189-ADC06AF83ABB}.Release|Any CPU.ActiveCfg = Release|Any CPU
		{402CF502-94A1-42E5-8189-ADC06AF83ABB}.Release|Any CPU.Build.0 = Release|Any CPU
	EndGlobalSection
	GlobalSection(SolutionProperties) = preSolution
		HideSolutionNode = FALSE
	EndGlobalSection
	GlobalSection(ExtensibilityGlobals) = postSolution
		SolutionGuid = {4747E715-C14F-4445-B4E5-A41714E2EE16}
	EndGlobalSection
EndGlobal
