
Microsoft Visual Studio Solution File, Format Version 12.00
# Visual Studio Version 16
VisualStudioVersion = 16.0.33328.57
MinimumVisualStudioVersion = 10.0.40219.1
Project("{FAE04EC0-301F-11D3-BF4B-00C04F79EFBC}") = "Incomparison", "Incomparison\Incomparison.csproj", "{A4AE5D67-B7AF-4E8F-B5DA-5B7233A4801D}"
EndProject
Global
	GlobalSection(SolutionConfigurationPlatforms) = preSolution
		Debug|Any CPU = Debug|Any CPU
		Release|Any CPU = Release|Any CPU
	EndGlobalSection
	GlobalSection(ProjectConfigurationPlatforms) = postSolution
		{A4AE5D67-B7AF-4E8F-B5DA-5B7233A4801D}.Debug|Any CPU.ActiveCfg = Debug|Any CPU
		{A4AE5D67-B7AF-4E8F-B5DA-5B7233A4801D}.Debug|Any CPU.Build.0 = Debug|Any CPU
		{A4AE5D67-B7AF-4E8F-B5DA-5B7233A4801D}.Release|Any CPU.ActiveCfg = Release|Any CPU
		{A4AE5D67-B7AF-4E8F-B5DA-5B7233A4801D}.Release|Any CPU.Build.0 = Release|Any CPU
	EndGlobalSection
	GlobalSection(SolutionProperties) = preSolution
		HideSolutionNode = FALSE
	EndGlobalSection
	GlobalSection(ExtensibilityGlobals) = postSolution
		SolutionGuid = {B9602552-E0A5-480C-8A4A-970F6957474F}
	EndGlobalSection
EndGlobal
