
Microsoft Visual Studio Solution File, Format Version 12.00
# Visual Studio Version 16
VisualStudioVersion = 16.0.33328.57
MinimumVisualStudioVersion = 10.0.40219.1
Project("{FAE04EC0-301F-11D3-BF4B-00C04F79EFBC}") = "MyFirstWebApp", "MyFirstWebApp\MyFirstWebApp.csproj", "{34407AB2-0902-4488-BD8A-3F40FBAA2B47}"
EndProject
Global
	GlobalSection(SolutionConfigurationPlatforms) = preSolution
		Debug|Any CPU = Debug|Any CPU
		Release|Any CPU = Release|Any CPU
	EndGlobalSection
	GlobalSection(ProjectConfigurationPlatforms) = postSolution
		{34407AB2-0902-4488-BD8A-3F40FBAA2B47}.Debug|Any CPU.ActiveCfg = Debug|Any CPU
		{34407AB2-0902-4488-BD8A-3F40FBAA2B47}.Debug|Any CPU.Build.0 = Debug|Any CPU
		{34407AB2-0902-4488-BD8A-3F40FBAA2B47}.Release|Any CPU.ActiveCfg = Release|Any CPU
		{34407AB2-0902-4488-BD8A-3F40FBAA2B47}.Release|Any CPU.Build.0 = Release|Any CPU
	EndGlobalSection
	GlobalSection(SolutionProperties) = preSolution
		HideSolutionNode = FALSE
	EndGlobalSection
	GlobalSection(ExtensibilityGlobals) = postSolution
		SolutionGuid = {D2CED3BB-20AA-4FA5-8677-E6340370B832}
	EndGlobalSection
EndGlobal
